
Microsoft Visual Studio Solution File, Format Version 12.00
# Visual Studio 14
VisualStudioVersion = 14.0.25420.1
MinimumVisualStudioVersion = 10.0.40219.1
Project("{8BC9CEB8-8B4A-11D0-8D11-00A0C91BC942}") = "SymTensorCudaSup", "SymTensorCudaSup\SymTensorCudaSup.vcxproj", "{D746A1DB-9C71-4B76-B184-A38031879282}"
EndProject
Project("{F2A71F9B-5D33-465A-A702-920D77279786}") = "Tensor", "Tensor\Tensor.fsproj", "{82DE3BAE-BCEC-4DF8-9C46-07B7FAF4E31A}"
EndProject
Project("{F2A71F9B-5D33-465A-A702-920D77279786}") = "SymTensor", "SymTensor\SymTensor.fsproj", "{2E96A03E-7031-43C3-AEEE-B9C9DC543448}"
EndProject
Project("{F2A71F9B-5D33-465A-A702-920D77279786}") = "SymTensorCuda", "SymTensorCuda\SymTensorCuda.fsproj", "{816E58DA-85A0-4272-B042-682BC6F0AA5B}"
	ProjectSection(ProjectDependencies) = postProject
		{D746A1DB-9C71-4B76-B184-A38031879282} = {D746A1DB-9C71-4B76-B184-A38031879282}
	EndProjectSection
EndProject
Project("{2150E333-8FDC-42A3-9474-1A3956D46DE8}") = "0. Misc", "0. Misc", "{D513B166-A2DB-48F4-94FC-20A582369AA1}"
	ProjectSection(SolutionItems) = preProject
		Misc\DebugCode.txt = Misc\DebugCode.txt
		Misc\OldCode.txt = Misc\OldCode.txt
		Misc\Script1.fsx = Misc\Script1.fsx
		Misc\Script2.fsx = Misc\Script2.fsx
		Misc\TODO.txt = Misc\TODO.txt
	EndProjectSection
EndProject
Project("{2150E333-8FDC-42A3-9474-1A3956D46DE8}") = "1. Tensor", "1. Tensor", "{42C89650-7C3B-469E-91AD-4678EE1C8F6A}"
EndProject
Project("{2150E333-8FDC-42A3-9474-1A3956D46DE8}") = "2. Deep.Net", "2. Deep.Net", "{CDF577AE-ADEB-4B46-8546-816FB95AC9C4}"
EndProject
Project("{2150E333-8FDC-42A3-9474-1A3956D46DE8}") = "Solution Items", "Solution Items", "{85080C9C-B579-46B2-AD08-D41B395C2347}"
	ProjectSection(SolutionItems) = preProject
		DeepNet.fsx = DeepNet.fsx
		README.md = README.md
		TestSettings.testsettings = TestSettings.testsettings
	EndProjectSection
EndProject
Project("{2150E333-8FDC-42A3-9474-1A3956D46DE8}") = "4. Tests", "4. Tests", "{6F81CFAC-7D2C-4540-BC4E-4392262AFBAB}"
EndProject
Project("{F2A71F9B-5D33-465A-A702-920D77279786}") = "MLModels", "MLModels\MLModels.fsproj", "{28168025-4211-4DE2-BB66-B267378F74A7}"
EndProject
Project("{F2A71F9B-5D33-465A-A702-920D77279786}") = "MLDatasets", "MLDatasets\MLDatasets.fsproj", "{4E45833F-2658-465E-BB71-03400BBA5534}"
EndProject
Project("{F2A71F9B-5D33-465A-A702-920D77279786}") = "AllTests", "AllTests\AllTests.fsproj", "{D5CD7EC0-FB57-4CBA-89E8-43E101D23CED}"
EndProject
Project("{2150E333-8FDC-42A3-9474-1A3956D46DE8}") = "3. Deep.Net Components", "3. Deep.Net Components", "{69798A19-ECB9-414E-AD43-8350B6C17203}"
EndProject
Project("{F2A71F9B-5D33-465A-A702-920D77279786}") = "MLOptimizers", "MLOptimizers\MLOptimizers.fsproj", "{C6EA7C8A-C74F-44DF-828B-7C16B8A06329}"
EndProject
Project("{2150E333-8FDC-42A3-9474-1A3956D46DE8}") = "5. Plots", "5. Plots", "{74B877B5-D69A-4DA5-BE59-90A1E191BD22}"
EndProject
Project("{F2A71F9B-5D33-465A-A702-920D77279786}") = "RPlotTools", "RPlotTools\RPlotTools.fsproj", "{BDB5D832-BC10-4B8F-BDE0-7142646AA9CF}"
EndProject
Project("{F2A71F9B-5D33-465A-A702-920D77279786}") = "DeepNet", "DeepNet\DeepNet.fsproj", "{7C53D1C7-8ED2-4E04-8F2D-CF0384C51F33}"
EndProject
Project("{2150E333-8FDC-42A3-9474-1A3956D46DE8}") = "9. Test Executables", "9. Test Executables", "{252FFCE3-82FA-4882-811C-83A3AB583F3B}"
EndProject
Project("{F2A71F9B-5D33-465A-A702-920D77279786}") = "LearnMnist", "TestExes\LearnMnist\LearnMnist.fsproj", "{5D72A46C-A4CF-4A66-8EE2-CB381FFC7F73}"
EndProject
Project("{F2A71F9B-5D33-465A-A702-920D77279786}") = "MathematicaInterface", "TestExes\MathematicaInterface\MathematicaInterface.fsproj", "{2BA4BCF9-5163-4BBE-B052-569990AFC8C2}"
EndProject
Project("{F2A71F9B-5D33-465A-A702-920D77279786}") = "SmoothADP", "TestExes\SmoothADP\SmoothADP.fsproj", "{2DE8ECBC-0C8C-47E6-BD14-CEB2E957C5CD}"
EndProject
Project("{F2A71F9B-5D33-465A-A702-920D77279786}") = "GPAct", "TestExes\GPAct\GPAct.fsproj", "{BBFB43C1-9B12-4B60-98C8-F8038B8B2985}"
EndProject
Project("{F2A71F9B-5D33-465A-A702-920D77279786}") = "ModelTests", "TestExes\ModelPlots\ModelTests.fsproj", "{B9FBBC94-4C02-434D-AFBE-AE7F14F308F8}"
EndProject
Project("{F2A71F9B-5D33-465A-A702-920D77279786}") = "MLPlots", "MLPlots\MLPlots.fsproj", "{853082BE-359E-4F7E-B35C-7B10C8BD3970}"
EndProject
Project("{F2A71F9B-5D33-465A-A702-920D77279786}") = "FracSigmoid", "TestExes\FracSigmoid\FracSigmoid.fsproj", "{ECED861C-1B3C-44AF-8EE0-04E423DDE021}"
EndProject
Project("{F2A71F9B-5D33-465A-A702-920D77279786}") = "LangRNN", "TestExes\LangRNN\LangRNN.fsproj", "{0FBEFBBF-896B-4793-96E5-400DBD53D230}"
EndProject
Global
	GlobalSection(SolutionConfigurationPlatforms) = preSolution
		Debug|Any CPU = Debug|Any CPU
		Debug|x64 = Debug|x64
		Release|Any CPU = Release|Any CPU
		Release|x64 = Release|x64
	EndGlobalSection
	GlobalSection(ProjectConfigurationPlatforms) = postSolution
		{D746A1DB-9C71-4B76-B184-A38031879282}.Debug|Any CPU.ActiveCfg = Debug|x64
		{D746A1DB-9C71-4B76-B184-A38031879282}.Debug|x64.ActiveCfg = Debug|x64
		{D746A1DB-9C71-4B76-B184-A38031879282}.Debug|x64.Build.0 = Debug|x64
		{D746A1DB-9C71-4B76-B184-A38031879282}.Release|Any CPU.ActiveCfg = Release|x64
		{D746A1DB-9C71-4B76-B184-A38031879282}.Release|x64.ActiveCfg = Release|x64
		{D746A1DB-9C71-4B76-B184-A38031879282}.Release|x64.Build.0 = Release|x64
		{82DE3BAE-BCEC-4DF8-9C46-07B7FAF4E31A}.Debug|Any CPU.ActiveCfg = Debug|x64
		{82DE3BAE-BCEC-4DF8-9C46-07B7FAF4E31A}.Debug|x64.ActiveCfg = Debug|x64
		{82DE3BAE-BCEC-4DF8-9C46-07B7FAF4E31A}.Debug|x64.Build.0 = Debug|x64
		{82DE3BAE-BCEC-4DF8-9C46-07B7FAF4E31A}.Release|Any CPU.ActiveCfg = Release|x64
		{82DE3BAE-BCEC-4DF8-9C46-07B7FAF4E31A}.Release|x64.ActiveCfg = Release|x64
		{82DE3BAE-BCEC-4DF8-9C46-07B7FAF4E31A}.Release|x64.Build.0 = Release|x64
		{2E96A03E-7031-43C3-AEEE-B9C9DC543448}.Debug|Any CPU.ActiveCfg = Debug|x64
		{2E96A03E-7031-43C3-AEEE-B9C9DC543448}.Debug|x64.ActiveCfg = Debug|x64
		{2E96A03E-7031-43C3-AEEE-B9C9DC543448}.Debug|x64.Build.0 = Debug|x64
		{2E96A03E-7031-43C3-AEEE-B9C9DC543448}.Release|Any CPU.ActiveCfg = Release|x64
		{2E96A03E-7031-43C3-AEEE-B9C9DC543448}.Release|x64.ActiveCfg = Release|x64
		{2E96A03E-7031-43C3-AEEE-B9C9DC543448}.Release|x64.Build.0 = Release|x64
		{816E58DA-85A0-4272-B042-682BC6F0AA5B}.Debug|Any CPU.ActiveCfg = Debug|x64
		{816E58DA-85A0-4272-B042-682BC6F0AA5B}.Debug|x64.ActiveCfg = Debug|x64
		{816E58DA-85A0-4272-B042-682BC6F0AA5B}.Debug|x64.Build.0 = Debug|x64
		{816E58DA-85A0-4272-B042-682BC6F0AA5B}.Release|Any CPU.ActiveCfg = Release|x64
		{816E58DA-85A0-4272-B042-682BC6F0AA5B}.Release|x64.ActiveCfg = Release|x64
		{816E58DA-85A0-4272-B042-682BC6F0AA5B}.Release|x64.Build.0 = Release|x64
		{28168025-4211-4DE2-BB66-B267378F74A7}.Debug|Any CPU.ActiveCfg = Debug|x64
		{28168025-4211-4DE2-BB66-B267378F74A7}.Debug|x64.ActiveCfg = Debug|x64
		{28168025-4211-4DE2-BB66-B267378F74A7}.Debug|x64.Build.0 = Debug|x64
		{28168025-4211-4DE2-BB66-B267378F74A7}.Release|Any CPU.ActiveCfg = Release|x64
		{28168025-4211-4DE2-BB66-B267378F74A7}.Release|x64.ActiveCfg = Release|x64
		{28168025-4211-4DE2-BB66-B267378F74A7}.Release|x64.Build.0 = Release|x64
		{4E45833F-2658-465E-BB71-03400BBA5534}.Debug|Any CPU.ActiveCfg = Debug|x64
		{4E45833F-2658-465E-BB71-03400BBA5534}.Debug|x64.ActiveCfg = Debug|x64
		{4E45833F-2658-465E-BB71-03400BBA5534}.Debug|x64.Build.0 = Debug|x64
		{4E45833F-2658-465E-BB71-03400BBA5534}.Release|Any CPU.ActiveCfg = Release|x64
		{4E45833F-2658-465E-BB71-03400BBA5534}.Release|x64.ActiveCfg = Release|x64
		{4E45833F-2658-465E-BB71-03400BBA5534}.Release|x64.Build.0 = Release|x64
		{D5CD7EC0-FB57-4CBA-89E8-43E101D23CED}.Debug|Any CPU.ActiveCfg = Debug|x64
		{D5CD7EC0-FB57-4CBA-89E8-43E101D23CED}.Debug|x64.ActiveCfg = Debug|x64
		{D5CD7EC0-FB57-4CBA-89E8-43E101D23CED}.Debug|x64.Build.0 = Debug|x64
		{D5CD7EC0-FB57-4CBA-89E8-43E101D23CED}.Release|Any CPU.ActiveCfg = Release|x64
		{D5CD7EC0-FB57-4CBA-89E8-43E101D23CED}.Release|x64.ActiveCfg = Release|x64
		{D5CD7EC0-FB57-4CBA-89E8-43E101D23CED}.Release|x64.Build.0 = Release|x64
		{C6EA7C8A-C74F-44DF-828B-7C16B8A06329}.Debug|Any CPU.ActiveCfg = Debug|x64
		{C6EA7C8A-C74F-44DF-828B-7C16B8A06329}.Debug|x64.ActiveCfg = Debug|x64
		{C6EA7C8A-C74F-44DF-828B-7C16B8A06329}.Debug|x64.Build.0 = Debug|x64
		{C6EA7C8A-C74F-44DF-828B-7C16B8A06329}.Release|Any CPU.ActiveCfg = Release|x64
		{C6EA7C8A-C74F-44DF-828B-7C16B8A06329}.Release|x64.ActiveCfg = Release|x64
		{C6EA7C8A-C74F-44DF-828B-7C16B8A06329}.Release|x64.Build.0 = Release|x64
		{BDB5D832-BC10-4B8F-BDE0-7142646AA9CF}.Debug|Any CPU.ActiveCfg = Debug|x64
		{BDB5D832-BC10-4B8F-BDE0-7142646AA9CF}.Debug|x64.ActiveCfg = Debug|x64
		{BDB5D832-BC10-4B8F-BDE0-7142646AA9CF}.Debug|x64.Build.0 = Debug|x64
		{BDB5D832-BC10-4B8F-BDE0-7142646AA9CF}.Release|Any CPU.ActiveCfg = Release|x64
		{BDB5D832-BC10-4B8F-BDE0-7142646AA9CF}.Release|x64.ActiveCfg = Release|x64
		{BDB5D832-BC10-4B8F-BDE0-7142646AA9CF}.Release|x64.Build.0 = Release|x64
		{7C53D1C7-8ED2-4E04-8F2D-CF0384C51F33}.Debug|Any CPU.ActiveCfg = Debug|x64
		{7C53D1C7-8ED2-4E04-8F2D-CF0384C51F33}.Debug|x64.ActiveCfg = Debug|x64
		{7C53D1C7-8ED2-4E04-8F2D-CF0384C51F33}.Debug|x64.Build.0 = Debug|x64
		{7C53D1C7-8ED2-4E04-8F2D-CF0384C51F33}.Release|Any CPU.ActiveCfg = Release|x64
		{7C53D1C7-8ED2-4E04-8F2D-CF0384C51F33}.Release|x64.ActiveCfg = Release|x64
		{7C53D1C7-8ED2-4E04-8F2D-CF0384C51F33}.Release|x64.Build.0 = Release|x64
		{5D72A46C-A4CF-4A66-8EE2-CB381FFC7F73}.Debug|Any CPU.ActiveCfg = Debug|x64
		{5D72A46C-A4CF-4A66-8EE2-CB381FFC7F73}.Debug|Any CPU.Build.0 = Debug|x64
		{5D72A46C-A4CF-4A66-8EE2-CB381FFC7F73}.Debug|x64.ActiveCfg = Debug|x64
		{5D72A46C-A4CF-4A66-8EE2-CB381FFC7F73}.Debug|x64.Build.0 = Debug|x64
		{5D72A46C-A4CF-4A66-8EE2-CB381FFC7F73}.Release|Any CPU.ActiveCfg = Release|Any CPU
		{5D72A46C-A4CF-4A66-8EE2-CB381FFC7F73}.Release|Any CPU.Build.0 = Release|Any CPU
		{5D72A46C-A4CF-4A66-8EE2-CB381FFC7F73}.Release|x64.ActiveCfg = Release|x64
		{5D72A46C-A4CF-4A66-8EE2-CB381FFC7F73}.Release|x64.Build.0 = Release|x64
		{2BA4BCF9-5163-4BBE-B052-569990AFC8C2}.Debug|Any CPU.ActiveCfg = Debug|x64
		{2BA4BCF9-5163-4BBE-B052-569990AFC8C2}.Debug|Any CPU.Build.0 = Debug|x64
		{2BA4BCF9-5163-4BBE-B052-569990AFC8C2}.Debug|x64.ActiveCfg = Debug|x64
		{2BA4BCF9-5163-4BBE-B052-569990AFC8C2}.Debug|x64.Build.0 = Debug|x64
		{2BA4BCF9-5163-4BBE-B052-569990AFC8C2}.Release|Any CPU.ActiveCfg = Release|Any CPU
		{2BA4BCF9-5163-4BBE-B052-569990AFC8C2}.Release|Any CPU.Build.0 = Release|Any CPU
		{2BA4BCF9-5163-4BBE-B052-569990AFC8C2}.Release|x64.ActiveCfg = Release|x64
		{2BA4BCF9-5163-4BBE-B052-569990AFC8C2}.Release|x64.Build.0 = Release|x64
		{2DE8ECBC-0C8C-47E6-BD14-CEB2E957C5CD}.Debug|Any CPU.ActiveCfg = Debug|x64
		{2DE8ECBC-0C8C-47E6-BD14-CEB2E957C5CD}.Debug|Any CPU.Build.0 = Debug|x64
		{2DE8ECBC-0C8C-47E6-BD14-CEB2E957C5CD}.Debug|x64.ActiveCfg = Debug|x64
		{2DE8ECBC-0C8C-47E6-BD14-CEB2E957C5CD}.Debug|x64.Build.0 = Debug|x64
		{2DE8ECBC-0C8C-47E6-BD14-CEB2E957C5CD}.Release|Any CPU.ActiveCfg = Release|Any CPU
		{2DE8ECBC-0C8C-47E6-BD14-CEB2E957C5CD}.Release|Any CPU.Build.0 = Release|Any CPU
		{2DE8ECBC-0C8C-47E6-BD14-CEB2E957C5CD}.Release|x64.ActiveCfg = Release|x64
		{2DE8ECBC-0C8C-47E6-BD14-CEB2E957C5CD}.Release|x64.Build.0 = Release|x64
		{BBFB43C1-9B12-4B60-98C8-F8038B8B2985}.Debug|Any CPU.ActiveCfg = Debug|x64
		{BBFB43C1-9B12-4B60-98C8-F8038B8B2985}.Debug|Any CPU.Build.0 = Debug|x64
		{BBFB43C1-9B12-4B60-98C8-F8038B8B2985}.Debug|x64.ActiveCfg = Debug|x64
		{BBFB43C1-9B12-4B60-98C8-F8038B8B2985}.Debug|x64.Build.0 = Debug|x64
		{BBFB43C1-9B12-4B60-98C8-F8038B8B2985}.Release|Any CPU.ActiveCfg = Release|Any CPU
		{BBFB43C1-9B12-4B60-98C8-F8038B8B2985}.Release|Any CPU.Build.0 = Release|Any CPU
		{BBFB43C1-9B12-4B60-98C8-F8038B8B2985}.Release|x64.ActiveCfg = Release|x64
		{BBFB43C1-9B12-4B60-98C8-F8038B8B2985}.Release|x64.Build.0 = Release|x64
		{B9FBBC94-4C02-434D-AFBE-AE7F14F308F8}.Debug|Any CPU.ActiveCfg = Debug|x64
		{B9FBBC94-4C02-434D-AFBE-AE7F14F308F8}.Debug|Any CPU.Build.0 = Debug|x64
		{B9FBBC94-4C02-434D-AFBE-AE7F14F308F8}.Debug|x64.ActiveCfg = Debug|x64
		{B9FBBC94-4C02-434D-AFBE-AE7F14F308F8}.Debug|x64.Build.0 = Debug|x64
		{B9FBBC94-4C02-434D-AFBE-AE7F14F308F8}.Release|Any CPU.ActiveCfg = Release|Any CPU
		{B9FBBC94-4C02-434D-AFBE-AE7F14F308F8}.Release|Any CPU.Build.0 = Release|Any CPU
		{B9FBBC94-4C02-434D-AFBE-AE7F14F308F8}.Release|x64.ActiveCfg = Release|x64
		{B9FBBC94-4C02-434D-AFBE-AE7F14F308F8}.Release|x64.Build.0 = Release|x64
		{853082BE-359E-4F7E-B35C-7B10C8BD3970}.Debug|Any CPU.ActiveCfg = Debug|x64
		{853082BE-359E-4F7E-B35C-7B10C8BD3970}.Debug|Any CPU.Build.0 = Debug|x64
		{853082BE-359E-4F7E-B35C-7B10C8BD3970}.Debug|x64.ActiveCfg = Debug|x64
		{853082BE-359E-4F7E-B35C-7B10C8BD3970}.Debug|x64.Build.0 = Debug|x64
		{853082BE-359E-4F7E-B35C-7B10C8BD3970}.Release|Any CPU.ActiveCfg = Release|Any CPU
		{853082BE-359E-4F7E-B35C-7B10C8BD3970}.Release|Any CPU.Build.0 = Release|Any CPU
		{853082BE-359E-4F7E-B35C-7B10C8BD3970}.Release|x64.ActiveCfg = Release|x64
		{853082BE-359E-4F7E-B35C-7B10C8BD3970}.Release|x64.Build.0 = Release|x64
		{ECED861C-1B3C-44AF-8EE0-04E423DDE021}.Debug|Any CPU.ActiveCfg = Debug|x64
		{ECED861C-1B3C-44AF-8EE0-04E423DDE021}.Debug|Any CPU.Build.0 = Debug|x64
		{ECED861C-1B3C-44AF-8EE0-04E423DDE021}.Debug|x64.ActiveCfg = Debug|x64
		{ECED861C-1B3C-44AF-8EE0-04E423DDE021}.Debug|x64.Build.0 = Debug|x64
		{ECED861C-1B3C-44AF-8EE0-04E423DDE021}.Release|Any CPU.ActiveCfg = Release|Any CPU
		{ECED861C-1B3C-44AF-8EE0-04E423DDE021}.Release|Any CPU.Build.0 = Release|Any CPU
		{ECED861C-1B3C-44AF-8EE0-04E423DDE021}.Release|x64.ActiveCfg = Release|x64
		{ECED861C-1B3C-44AF-8EE0-04E423DDE021}.Release|x64.Build.0 = Release|x64
		{0FBEFBBF-896B-4793-96E5-400DBD53D230}.Debug|Any CPU.ActiveCfg = Debug|Any CPU
		{0FBEFBBF-896B-4793-96E5-400DBD53D230}.Debug|Any CPU.Build.0 = Debug|Any CPU
		{0FBEFBBF-896B-4793-96E5-400DBD53D230}.Debug|x64.ActiveCfg = Debug|x64
		{0FBEFBBF-896B-4793-96E5-400DBD53D230}.Debug|x64.Build.0 = Debug|x64
		{0FBEFBBF-896B-4793-96E5-400DBD53D230}.Release|Any CPU.ActiveCfg = Release|Any CPU
		{0FBEFBBF-896B-4793-96E5-400DBD53D230}.Release|Any CPU.Build.0 = Release|Any CPU
		{0FBEFBBF-896B-4793-96E5-400DBD53D230}.Release|x64.ActiveCfg = Release|x64
		{0FBEFBBF-896B-4793-96E5-400DBD53D230}.Release|x64.Build.0 = Release|x64
	EndGlobalSection
	GlobalSection(SolutionProperties) = preSolution
		HideSolutionNode = FALSE
	EndGlobalSection
	GlobalSection(NestedProjects) = preSolution
		{D746A1DB-9C71-4B76-B184-A38031879282} = {CDF577AE-ADEB-4B46-8546-816FB95AC9C4}
		{82DE3BAE-BCEC-4DF8-9C46-07B7FAF4E31A} = {42C89650-7C3B-469E-91AD-4678EE1C8F6A}
		{2E96A03E-7031-43C3-AEEE-B9C9DC543448} = {CDF577AE-ADEB-4B46-8546-816FB95AC9C4}
		{816E58DA-85A0-4272-B042-682BC6F0AA5B} = {CDF577AE-ADEB-4B46-8546-816FB95AC9C4}
		{28168025-4211-4DE2-BB66-B267378F74A7} = {69798A19-ECB9-414E-AD43-8350B6C17203}
		{4E45833F-2658-465E-BB71-03400BBA5534} = {69798A19-ECB9-414E-AD43-8350B6C17203}
		{D5CD7EC0-FB57-4CBA-89E8-43E101D23CED} = {6F81CFAC-7D2C-4540-BC4E-4392262AFBAB}
		{C6EA7C8A-C74F-44DF-828B-7C16B8A06329} = {69798A19-ECB9-414E-AD43-8350B6C17203}
		{BDB5D832-BC10-4B8F-BDE0-7142646AA9CF} = {74B877B5-D69A-4DA5-BE59-90A1E191BD22}
		{7C53D1C7-8ED2-4E04-8F2D-CF0384C51F33} = {69798A19-ECB9-414E-AD43-8350B6C17203}
		{5D72A46C-A4CF-4A66-8EE2-CB381FFC7F73} = {252FFCE3-82FA-4882-811C-83A3AB583F3B}
		{2BA4BCF9-5163-4BBE-B052-569990AFC8C2} = {252FFCE3-82FA-4882-811C-83A3AB583F3B}
		{2DE8ECBC-0C8C-47E6-BD14-CEB2E957C5CD} = {252FFCE3-82FA-4882-811C-83A3AB583F3B}
		{BBFB43C1-9B12-4B60-98C8-F8038B8B2985} = {252FFCE3-82FA-4882-811C-83A3AB583F3B}
		{B9FBBC94-4C02-434D-AFBE-AE7F14F308F8} = {252FFCE3-82FA-4882-811C-83A3AB583F3B}
		{853082BE-359E-4F7E-B35C-7B10C8BD3970} = {74B877B5-D69A-4DA5-BE59-90A1E191BD22}
		{ECED861C-1B3C-44AF-8EE0-04E423DDE021} = {252FFCE3-82FA-4882-811C-83A3AB583F3B}
		{0FBEFBBF-896B-4793-96E5-400DBD53D230} = {252FFCE3-82FA-4882-811C-83A3AB583F3B}
	EndGlobalSection
EndGlobal
