
Microsoft Visual Studio Solution File, Format Version 12.00
# Visual Studio Version 16
VisualStudioVersion = 16.0.28621.142
MinimumVisualStudioVersion = 15.0.26124.0
Project("{2150E333-8FDC-42A3-9474-1A3956D46DE8}") = "1. Tensor (numeric)", "1. Tensor (numeric)", "{99EB6FBC-381C-41A7-9378-A619A79751BD}"
EndProject
Project("{6EC3EE1D-3C4E-46DD-8F32-0CC8E7565705}") = "Tensor", "Tensor\Tensor\Tensor.fsproj", "{0C4F8C34-412C-4CF3-83AD-EEDE17658501}"
EndProject
Project("{6EC3EE1D-3C4E-46DD-8F32-0CC8E7565705}") = "Tensor.Test", "Tensor\Tensor.Test\Tensor.Test.fsproj", "{A4CCBFF4-86BD-4B9B-BBFE-C266C7156FCF}"
EndProject
Project("{2150E333-8FDC-42A3-9474-1A3956D46DE8}") = "2. Tensor.Expr (symbolic)", "2. Tensor.Expr (symbolic)", "{2C53BDC4-C10F-4442-909A-A9B83F09A849}"
EndProject
Project("{6EC3EE1D-3C4E-46DD-8F32-0CC8E7565705}") = "Tensor.Expr", "Tensor.Expr\Tensor.Expr\Tensor.Expr.fsproj", "{2DE8B6ED-EBE1-4E08-BBF7-6A174725ED46}"
EndProject
Project("{6EC3EE1D-3C4E-46DD-8F32-0CC8E7565705}") = "Tensor.Algorithm", "Tensor\Tensor.Algorithm\Tensor.Algorithm.fsproj", "{F8D86086-5037-47C4-98B1-56FEAA68B0A2}"
EndProject
Project("{2150E333-8FDC-42A3-9474-1A3956D46DE8}") = "Solution Items", "Solution Items", "{A1AF6F95-397E-407F-AF2E-2AD4E43B9EE9}"
	ProjectSection(SolutionItems) = preProject
		TODO = TODO
	EndProjectSection
EndProject
Project("{6EC3EE1D-3C4E-46DD-8F32-0CC8E7565705}") = "Tensor.Benchmark", "Tensor\Tensor.Benchmark\Tensor.Benchmark.fsproj", "{327EB2C2-E47D-4C09-AA27-18A2C9C74D66}"
EndProject
Project("{6EC3EE1D-3C4E-46DD-8F32-0CC8E7565705}") = "Tensor.Sample.Internal", "Tensor\Tensor.Sample\Tensor.Sample.Internal.fsproj", "{21B1FB79-9B0B-45AF-8EC6-6F93B3EE9D69}"
EndProject
Project("{6EC3EE1D-3C4E-46DD-8F32-0CC8E7565705}") = "Tensor.Expr.Test", "Tensor.Expr\Tensor.Expr.Test\Tensor.Expr.Test.fsproj", "{F9D6856E-8675-4394-9C95-4B5EDC158C32}"
EndProject
Project("{2150E333-8FDC-42A3-9474-1A3956D46DE8}") = "3. Tensor.Expr.ML (machine learning)", "3. Tensor.Expr.ML (machine learning)", "{F7C7FA66-CF55-427D-9FB6-8E9D980AE52C}"
EndProject
Project("{6EC3EE1D-3C4E-46DD-8F32-0CC8E7565705}") = "Tensor.Expr.ML", "Tensor.Expr.ML\Tensor.Expr.ML\Tensor.Expr.ML.fsproj", "{B20119F0-9FC1-47AA-800A-08E8F730FD9D}"
EndProject
Project("{2150E333-8FDC-42A3-9474-1A3956D46DE8}") = "4. Demo", "4. Demo", "{E69F5405-E53C-45D0-9028-B4BAB2EEF60E}"
EndProject
Project("{6EC3EE1D-3C4E-46DD-8F32-0CC8E7565705}") = "Derivatives", "Experiments\Derivatives\Derivatives.fsproj", "{8236B7EB-25EC-4757-9880-A39F5B6061BB}"
EndProject
Project("{6EC3EE1D-3C4E-46DD-8F32-0CC8E7565705}") = "SimplePerceptron", "Experiments\SimplePerceptron\SimplePerceptron.fsproj", "{692B247C-07EB-4DA4-84AC-4BADE90A9B81}"
EndProject
Project("{6EC3EE1D-3C4E-46DD-8F32-0CC8E7565705}") = "GenericTraining", "Experiments\GenericTraining\GenericTraining.fsproj", "{054D01EC-52B6-422E-8242-43AAA0428AE9}"
EndProject
Global
	GlobalSection(SolutionConfigurationPlatforms) = preSolution
		Debug|Any CPU = Debug|Any CPU
		Debug|x64 = Debug|x64
		Release|Any CPU = Release|Any CPU
		Release|x64 = Release|x64
	EndGlobalSection
	GlobalSection(ProjectConfigurationPlatforms) = postSolution
		{0C4F8C34-412C-4CF3-83AD-EEDE17658501}.Debug|Any CPU.ActiveCfg = Debug|x64
		{0C4F8C34-412C-4CF3-83AD-EEDE17658501}.Debug|x64.ActiveCfg = Debug|x64
		{0C4F8C34-412C-4CF3-83AD-EEDE17658501}.Debug|x64.Build.0 = Debug|x64
		{0C4F8C34-412C-4CF3-83AD-EEDE17658501}.Release|Any CPU.ActiveCfg = Release|x64
		{0C4F8C34-412C-4CF3-83AD-EEDE17658501}.Release|x64.ActiveCfg = Release|x64
		{0C4F8C34-412C-4CF3-83AD-EEDE17658501}.Release|x64.Build.0 = Release|x64
		{A4CCBFF4-86BD-4B9B-BBFE-C266C7156FCF}.Debug|Any CPU.ActiveCfg = Debug|x64
		{A4CCBFF4-86BD-4B9B-BBFE-C266C7156FCF}.Debug|x64.ActiveCfg = Debug|x64
		{A4CCBFF4-86BD-4B9B-BBFE-C266C7156FCF}.Debug|x64.Build.0 = Debug|x64
		{A4CCBFF4-86BD-4B9B-BBFE-C266C7156FCF}.Release|Any CPU.ActiveCfg = Release|x64
		{A4CCBFF4-86BD-4B9B-BBFE-C266C7156FCF}.Release|x64.ActiveCfg = Release|x64
		{A4CCBFF4-86BD-4B9B-BBFE-C266C7156FCF}.Release|x64.Build.0 = Release|x64
		{2DE8B6ED-EBE1-4E08-BBF7-6A174725ED46}.Debug|Any CPU.ActiveCfg = Debug|x64
		{2DE8B6ED-EBE1-4E08-BBF7-6A174725ED46}.Debug|x64.ActiveCfg = Debug|x64
		{2DE8B6ED-EBE1-4E08-BBF7-6A174725ED46}.Debug|x64.Build.0 = Debug|x64
		{2DE8B6ED-EBE1-4E08-BBF7-6A174725ED46}.Release|Any CPU.ActiveCfg = Release|x64
		{2DE8B6ED-EBE1-4E08-BBF7-6A174725ED46}.Release|x64.ActiveCfg = Release|x64
		{2DE8B6ED-EBE1-4E08-BBF7-6A174725ED46}.Release|x64.Build.0 = Release|x64
		{F8D86086-5037-47C4-98B1-56FEAA68B0A2}.Debug|Any CPU.ActiveCfg = Debug|x64
		{F8D86086-5037-47C4-98B1-56FEAA68B0A2}.Debug|x64.ActiveCfg = Debug|x64
		{F8D86086-5037-47C4-98B1-56FEAA68B0A2}.Debug|x64.Build.0 = Debug|x64
		{F8D86086-5037-47C4-98B1-56FEAA68B0A2}.Release|Any CPU.ActiveCfg = Release|x64
		{F8D86086-5037-47C4-98B1-56FEAA68B0A2}.Release|x64.ActiveCfg = Release|x64
		{F8D86086-5037-47C4-98B1-56FEAA68B0A2}.Release|x64.Build.0 = Release|x64
		{327EB2C2-E47D-4C09-AA27-18A2C9C74D66}.Debug|Any CPU.ActiveCfg = Debug|x64
		{327EB2C2-E47D-4C09-AA27-18A2C9C74D66}.Debug|x64.ActiveCfg = Debug|x64
		{327EB2C2-E47D-4C09-AA27-18A2C9C74D66}.Debug|x64.Build.0 = Debug|x64
		{327EB2C2-E47D-4C09-AA27-18A2C9C74D66}.Release|Any CPU.ActiveCfg = Release|x64
		{327EB2C2-E47D-4C09-AA27-18A2C9C74D66}.Release|x64.ActiveCfg = Release|x64
		{327EB2C2-E47D-4C09-AA27-18A2C9C74D66}.Release|x64.Build.0 = Release|x64
		{21B1FB79-9B0B-45AF-8EC6-6F93B3EE9D69}.Debug|Any CPU.ActiveCfg = Debug|x64
		{21B1FB79-9B0B-45AF-8EC6-6F93B3EE9D69}.Debug|x64.ActiveCfg = Debug|x64
		{21B1FB79-9B0B-45AF-8EC6-6F93B3EE9D69}.Debug|x64.Build.0 = Debug|x64
		{21B1FB79-9B0B-45AF-8EC6-6F93B3EE9D69}.Release|Any CPU.ActiveCfg = Release|x64
		{21B1FB79-9B0B-45AF-8EC6-6F93B3EE9D69}.Release|x64.ActiveCfg = Release|x64
		{21B1FB79-9B0B-45AF-8EC6-6F93B3EE9D69}.Release|x64.Build.0 = Release|x64
		{F9D6856E-8675-4394-9C95-4B5EDC158C32}.Debug|Any CPU.ActiveCfg = Debug|x64
		{F9D6856E-8675-4394-9C95-4B5EDC158C32}.Debug|x64.ActiveCfg = Debug|x64
		{F9D6856E-8675-4394-9C95-4B5EDC158C32}.Debug|x64.Build.0 = Debug|x64
		{F9D6856E-8675-4394-9C95-4B5EDC158C32}.Release|Any CPU.ActiveCfg = Release|x64
		{F9D6856E-8675-4394-9C95-4B5EDC158C32}.Release|x64.ActiveCfg = Release|x64
		{F9D6856E-8675-4394-9C95-4B5EDC158C32}.Release|x64.Build.0 = Release|x64
		{B20119F0-9FC1-47AA-800A-08E8F730FD9D}.Debug|Any CPU.ActiveCfg = Debug|x64
		{B20119F0-9FC1-47AA-800A-08E8F730FD9D}.Debug|x64.ActiveCfg = Debug|x64
		{B20119F0-9FC1-47AA-800A-08E8F730FD9D}.Debug|x64.Build.0 = Debug|x64
		{B20119F0-9FC1-47AA-800A-08E8F730FD9D}.Release|Any CPU.ActiveCfg = Release|x64
		{B20119F0-9FC1-47AA-800A-08E8F730FD9D}.Release|x64.ActiveCfg = Release|x64
		{B20119F0-9FC1-47AA-800A-08E8F730FD9D}.Release|x64.Build.0 = Release|x64
		{8236B7EB-25EC-4757-9880-A39F5B6061BB}.Debug|Any CPU.ActiveCfg = Debug|x64
		{8236B7EB-25EC-4757-9880-A39F5B6061BB}.Debug|x64.ActiveCfg = Debug|x64
		{8236B7EB-25EC-4757-9880-A39F5B6061BB}.Debug|x64.Build.0 = Debug|x64
		{8236B7EB-25EC-4757-9880-A39F5B6061BB}.Release|Any CPU.ActiveCfg = Release|x64
		{8236B7EB-25EC-4757-9880-A39F5B6061BB}.Release|x64.ActiveCfg = Release|x64
		{8236B7EB-25EC-4757-9880-A39F5B6061BB}.Release|x64.Build.0 = Release|x64
		{692B247C-07EB-4DA4-84AC-4BADE90A9B81}.Debug|Any CPU.ActiveCfg = Debug|x64
		{692B247C-07EB-4DA4-84AC-4BADE90A9B81}.Debug|x64.ActiveCfg = Debug|x64
		{692B247C-07EB-4DA4-84AC-4BADE90A9B81}.Debug|x64.Build.0 = Debug|x64
		{692B247C-07EB-4DA4-84AC-4BADE90A9B81}.Release|Any CPU.ActiveCfg = Release|x64
		{692B247C-07EB-4DA4-84AC-4BADE90A9B81}.Release|x64.ActiveCfg = Release|x64
		{692B247C-07EB-4DA4-84AC-4BADE90A9B81}.Release|x64.Build.0 = Release|x64
		{054D01EC-52B6-422E-8242-43AAA0428AE9}.Debug|Any CPU.ActiveCfg = Debug|Any CPU
		{054D01EC-52B6-422E-8242-43AAA0428AE9}.Debug|Any CPU.Build.0 = Debug|Any CPU
		{054D01EC-52B6-422E-8242-43AAA0428AE9}.Debug|x64.ActiveCfg = Debug|x64
		{054D01EC-52B6-422E-8242-43AAA0428AE9}.Debug|x64.Build.0 = Debug|x64
		{054D01EC-52B6-422E-8242-43AAA0428AE9}.Release|Any CPU.ActiveCfg = Release|Any CPU
		{054D01EC-52B6-422E-8242-43AAA0428AE9}.Release|Any CPU.Build.0 = Release|Any CPU
		{054D01EC-52B6-422E-8242-43AAA0428AE9}.Release|x64.ActiveCfg = Release|x64
		{054D01EC-52B6-422E-8242-43AAA0428AE9}.Release|x64.Build.0 = Release|x64
	EndGlobalSection
	GlobalSection(SolutionProperties) = preSolution
		HideSolutionNode = FALSE
	EndGlobalSection
	GlobalSection(NestedProjects) = preSolution
		{0C4F8C34-412C-4CF3-83AD-EEDE17658501} = {99EB6FBC-381C-41A7-9378-A619A79751BD}
		{A4CCBFF4-86BD-4B9B-BBFE-C266C7156FCF} = {99EB6FBC-381C-41A7-9378-A619A79751BD}
		{2DE8B6ED-EBE1-4E08-BBF7-6A174725ED46} = {2C53BDC4-C10F-4442-909A-A9B83F09A849}
		{F8D86086-5037-47C4-98B1-56FEAA68B0A2} = {99EB6FBC-381C-41A7-9378-A619A79751BD}
		{327EB2C2-E47D-4C09-AA27-18A2C9C74D66} = {99EB6FBC-381C-41A7-9378-A619A79751BD}
		{21B1FB79-9B0B-45AF-8EC6-6F93B3EE9D69} = {99EB6FBC-381C-41A7-9378-A619A79751BD}
		{F9D6856E-8675-4394-9C95-4B5EDC158C32} = {2C53BDC4-C10F-4442-909A-A9B83F09A849}
		{B20119F0-9FC1-47AA-800A-08E8F730FD9D} = {F7C7FA66-CF55-427D-9FB6-8E9D980AE52C}
		{8236B7EB-25EC-4757-9880-A39F5B6061BB} = {E69F5405-E53C-45D0-9028-B4BAB2EEF60E}
		{692B247C-07EB-4DA4-84AC-4BADE90A9B81} = {E69F5405-E53C-45D0-9028-B4BAB2EEF60E}
		{054D01EC-52B6-422E-8242-43AAA0428AE9} = {E69F5405-E53C-45D0-9028-B4BAB2EEF60E}
	EndGlobalSection
	GlobalSection(ExtensibilityGlobals) = postSolution
		SolutionGuid = {24E68C9B-C44E-4F57-9580-9751FC214DFF}
	EndGlobalSection
EndGlobal
