Microsoft Visual Studio Solution File, Format Version 12.00
# Visual Studio 15
VisualStudioVersion = 15.0.27004.2002
MinimumVisualStudioVersion = 15.0.26124.0
Project("{2150E333-8FDC-42A3-9474-1A3956D46DE8}") = "Numeric", "Numeric", "{4E1707C9-2504-4014-ADA5-475C14609186}"
EndProject
Project("{6EC3EE1D-3C4E-46DD-8F32-0CC8E7565705}") = "Tensor", "Numeric\Tensor\Tensor.fsproj", "{861FAEF2-02C5-4709-8FA3-EF1F0562DA40}"
EndProject
Project("{6EC3EE1D-3C4E-46DD-8F32-0CC8E7565705}") = "TensorTests", "Numeric\TensorTests\TensorTests.fsproj", "{F8071540-DAF3-4364-9B1C-FFA0C16EBF5D}"
EndProject
Project("{6EC3EE1D-3C4E-46DD-8F32-0CC8E7565705}") = "TensorBenchmark", "Numeric\TensorBenchmark\TensorBenchmark.fsproj", "{F00A5959-5B91-41CF-83A8-CED0B617041A}"
EndProject
Global
	GlobalSection(SolutionConfigurationPlatforms) = preSolution
		Debug|x64 = Debug|x64
		Release|x64 = Release|x64
	EndGlobalSection
	GlobalSection(ProjectConfigurationPlatforms) = postSolution
		{861FAEF2-02C5-4709-8FA3-EF1F0562DA40}.Debug|x64.ActiveCfg = Debug|x64
		{861FAEF2-02C5-4709-8FA3-EF1F0562DA40}.Debug|x64.Build.0 = Debug|x64
		{861FAEF2-02C5-4709-8FA3-EF1F0562DA40}.Release|x64.ActiveCfg = Release|Any CPU
		{861FAEF2-02C5-4709-8FA3-EF1F0562DA40}.Release|x64.Build.0 = Release|Any CPU
		{F8071540-DAF3-4364-9B1C-FFA0C16EBF5D}.Debug|x64.ActiveCfg = Debug|x64
		{F8071540-DAF3-4364-9B1C-FFA0C16EBF5D}.Debug|x64.Build.0 = Debug|x64
		{F8071540-DAF3-4364-9B1C-FFA0C16EBF5D}.Release|x64.ActiveCfg = Release|Any CPU
		{F8071540-DAF3-4364-9B1C-FFA0C16EBF5D}.Release|x64.Build.0 = Release|Any CPU
		{F00A5959-5B91-41CF-83A8-CED0B617041A}.Debug|x64.ActiveCfg = Debug|x64
		{F00A5959-5B91-41CF-83A8-CED0B617041A}.Debug|x64.Build.0 = Debug|x64
		{F00A5959-5B91-41CF-83A8-CED0B617041A}.Release|x64.ActiveCfg = Release|Any CPU
		{F00A5959-5B91-41CF-83A8-CED0B617041A}.Release|x64.Build.0 = Release|Any CPU
	EndGlobalSection
	GlobalSection(SolutionProperties) = preSolution
		HideSolutionNode = FALSE
	EndGlobalSection
	GlobalSection(NestedProjects) = preSolution
		{861FAEF2-02C5-4709-8FA3-EF1F0562DA40} = {4E1707C9-2504-4014-ADA5-475C14609186}
		{F8071540-DAF3-4364-9B1C-FFA0C16EBF5D} = {4E1707C9-2504-4014-ADA5-475C14609186}
		{F00A5959-5B91-41CF-83A8-CED0B617041A} = {4E1707C9-2504-4014-ADA5-475C14609186}
	EndGlobalSection
	GlobalSection(ExtensibilityGlobals) = postSolution
		SolutionGuid = {9B34BF13-17C7-4342-BC1D-7DB48A4F0FB2}
	EndGlobalSection
EndGlobal
