
Microsoft Visual Studio Solution File, Format Version 12.00
# Visual Studio 15
VisualStudioVersion = 15.0.26124.0
MinimumVisualStudioVersion = 15.0.26124.0
Project("{2150E333-8FDC-42A3-9474-1A3956D46DE8}") = "Numeric", "Numeric", "{4E1707C9-2504-4014-ADA5-475C14609186}"
EndProject
Project("{F2A71F9B-5D33-465A-A702-920D77279786}") = "Tensor", "Numeric\Tensor\Tensor.fsproj", "{861FAEF2-02C5-4709-8FA3-EF1F0562DA40}"
EndProject
Project("{F2A71F9B-5D33-465A-A702-920D77279786}") = "TensorTests", "Numeric\TensorTests\TensorTests.fsproj", "{F8071540-DAF3-4364-9B1C-FFA0C16EBF5D}"
EndProject
Project("{F2A71F9B-5D33-465A-A702-920D77279786}") = "TensorBenchmark", "Numeric\TensorBenchmark\TensorBenchmark.fsproj", "{F00A5959-5B91-41CF-83A8-CED0B617041A}"
EndProject
Global
	GlobalSection(SolutionConfigurationPlatforms) = preSolution
		Debug|Any CPU = Debug|Any CPU
		Debug|x64 = Debug|x64
		Debug|x86 = Debug|x86
		Release|Any CPU = Release|Any CPU
		Release|x64 = Release|x64
		Release|x86 = Release|x86
	EndGlobalSection
	GlobalSection(SolutionProperties) = preSolution
		HideSolutionNode = FALSE
	EndGlobalSection
	GlobalSection(ProjectConfigurationPlatforms) = postSolution
		{861FAEF2-02C5-4709-8FA3-EF1F0562DA40}.Debug|Any CPU.ActiveCfg = Debug|Any CPU
		{861FAEF2-02C5-4709-8FA3-EF1F0562DA40}.Debug|Any CPU.Build.0 = Debug|Any CPU
		{861FAEF2-02C5-4709-8FA3-EF1F0562DA40}.Debug|x64.ActiveCfg = Debug|x64
		{861FAEF2-02C5-4709-8FA3-EF1F0562DA40}.Debug|x64.Build.0 = Debug|x64
		{861FAEF2-02C5-4709-8FA3-EF1F0562DA40}.Debug|x86.ActiveCfg = Debug|x86
		{861FAEF2-02C5-4709-8FA3-EF1F0562DA40}.Debug|x86.Build.0 = Debug|x86
		{861FAEF2-02C5-4709-8FA3-EF1F0562DA40}.Release|Any CPU.ActiveCfg = Release|Any CPU
		{861FAEF2-02C5-4709-8FA3-EF1F0562DA40}.Release|Any CPU.Build.0 = Release|Any CPU
		{861FAEF2-02C5-4709-8FA3-EF1F0562DA40}.Release|x64.ActiveCfg = Release|x64
		{861FAEF2-02C5-4709-8FA3-EF1F0562DA40}.Release|x64.Build.0 = Release|x64
		{861FAEF2-02C5-4709-8FA3-EF1F0562DA40}.Release|x86.ActiveCfg = Release|x86
		{861FAEF2-02C5-4709-8FA3-EF1F0562DA40}.Release|x86.Build.0 = Release|x86
		{F8071540-DAF3-4364-9B1C-FFA0C16EBF5D}.Debug|Any CPU.ActiveCfg = Debug|Any CPU
		{F8071540-DAF3-4364-9B1C-FFA0C16EBF5D}.Debug|Any CPU.Build.0 = Debug|Any CPU
		{F8071540-DAF3-4364-9B1C-FFA0C16EBF5D}.Debug|x64.ActiveCfg = Debug|x64
		{F8071540-DAF3-4364-9B1C-FFA0C16EBF5D}.Debug|x64.Build.0 = Debug|x64
		{F8071540-DAF3-4364-9B1C-FFA0C16EBF5D}.Debug|x86.ActiveCfg = Debug|x86
		{F8071540-DAF3-4364-9B1C-FFA0C16EBF5D}.Debug|x86.Build.0 = Debug|x86
		{F8071540-DAF3-4364-9B1C-FFA0C16EBF5D}.Release|Any CPU.ActiveCfg = Release|Any CPU
		{F8071540-DAF3-4364-9B1C-FFA0C16EBF5D}.Release|Any CPU.Build.0 = Release|Any CPU
		{F8071540-DAF3-4364-9B1C-FFA0C16EBF5D}.Release|x64.ActiveCfg = Release|x64
		{F8071540-DAF3-4364-9B1C-FFA0C16EBF5D}.Release|x64.Build.0 = Release|x64
		{F8071540-DAF3-4364-9B1C-FFA0C16EBF5D}.Release|x86.ActiveCfg = Release|x86
		{F8071540-DAF3-4364-9B1C-FFA0C16EBF5D}.Release|x86.Build.0 = Release|x86
		{F00A5959-5B91-41CF-83A8-CED0B617041A}.Debug|Any CPU.ActiveCfg = Debug|Any CPU
		{F00A5959-5B91-41CF-83A8-CED0B617041A}.Debug|Any CPU.Build.0 = Debug|Any CPU
		{F00A5959-5B91-41CF-83A8-CED0B617041A}.Debug|x64.ActiveCfg = Debug|x64
		{F00A5959-5B91-41CF-83A8-CED0B617041A}.Debug|x64.Build.0 = Debug|x64
		{F00A5959-5B91-41CF-83A8-CED0B617041A}.Debug|x86.ActiveCfg = Debug|x86
		{F00A5959-5B91-41CF-83A8-CED0B617041A}.Debug|x86.Build.0 = Debug|x86
		{F00A5959-5B91-41CF-83A8-CED0B617041A}.Release|Any CPU.ActiveCfg = Release|Any CPU
		{F00A5959-5B91-41CF-83A8-CED0B617041A}.Release|Any CPU.Build.0 = Release|Any CPU
		{F00A5959-5B91-41CF-83A8-CED0B617041A}.Release|x64.ActiveCfg = Release|x64
		{F00A5959-5B91-41CF-83A8-CED0B617041A}.Release|x64.Build.0 = Release|x64
		{F00A5959-5B91-41CF-83A8-CED0B617041A}.Release|x86.ActiveCfg = Release|x86
		{F00A5959-5B91-41CF-83A8-CED0B617041A}.Release|x86.Build.0 = Release|x86
	EndGlobalSection
	GlobalSection(NestedProjects) = preSolution
		{861FAEF2-02C5-4709-8FA3-EF1F0562DA40} = {4E1707C9-2504-4014-ADA5-475C14609186}
		{F8071540-DAF3-4364-9B1C-FFA0C16EBF5D} = {4E1707C9-2504-4014-ADA5-475C14609186}
		{F00A5959-5B91-41CF-83A8-CED0B617041A} = {4E1707C9-2504-4014-ADA5-475C14609186}
	EndGlobalSection
EndGlobal
