
Microsoft Visual Studio Solution File, Format Version 12.00
# Visual Studio 14
VisualStudioVersion = 14.0.24720.0
MinimumVisualStudioVersion = 10.0.40219.1
Project("{8BC9CEB8-8B4A-11D0-8D11-00A0C91BC942}") = "CUDAExpr", "CUDAExpr\CUDAExpr.vcxproj", "{D746A1DB-9C71-4B76-B184-A38031879282}"
EndProject
Project("{F2A71F9B-5D33-465A-A702-920D77279786}") = "ArrayND", "ArrayND\ArrayND.fsproj", "{82DE3BAE-BCEC-4DF8-9C46-07B7FAF4E31A}"
EndProject
Project("{F2A71F9B-5D33-465A-A702-920D77279786}") = "SymTensor", "SymTensor\SymTensor.fsproj", "{2E96A03E-7031-43C3-AEEE-B9C9DC543448}"
EndProject
Project("{F2A71F9B-5D33-465A-A702-920D77279786}") = "SymTensorCuda", "SymTensorCuda\SymTensorCuda.fsproj", "{816E58DA-85A0-4272-B042-682BC6F0AA5B}"
EndProject
Project("{2150E333-8FDC-42A3-9474-1A3956D46DE8}") = "0. Misc", "0. Misc", "{D513B166-A2DB-48F4-94FC-20A582369AA1}"
	ProjectSection(SolutionItems) = preProject
		Misc\DebugCode.txt = Misc\DebugCode.txt
		Misc\OldCode.txt = Misc\OldCode.txt
		Misc\TODO.txt = Misc\TODO.txt
	EndProjectSection
EndProject
Project("{F2A71F9B-5D33-465A-A702-920D77279786}") = "Basics", "Basics\Basics.fsproj", "{AC3F8299-E46E-4BF8-ABF0-702557065639}"
EndProject
Project("{2150E333-8FDC-42A3-9474-1A3956D46DE8}") = "1. Support", "1. Support", "{0FCFAD75-2377-4CF1-9334-1CE294C2DB49}"
EndProject
Project("{2150E333-8FDC-42A3-9474-1A3956D46DE8}") = "2. ArrayND", "2. ArrayND", "{42C89650-7C3B-469E-91AD-4678EE1C8F6A}"
EndProject
Project("{2150E333-8FDC-42A3-9474-1A3956D46DE8}") = "3. SymTensor", "3. SymTensor", "{CDF577AE-ADEB-4B46-8546-816FB95AC9C4}"
EndProject
Project("{2150E333-8FDC-42A3-9474-1A3956D46DE8}") = "4. SymTensor.Cuda", "4. SymTensor.Cuda", "{D2E23A0D-4D1F-4FB5-8F55-C38F452C2CEA}"
EndProject
Project("{2150E333-8FDC-42A3-9474-1A3956D46DE8}") = "9. Programs", "9. Programs", "{BC0206D8-5AFE-4D01-8FDD-8BE5D69F8C6E}"
EndProject
Project("{2150E333-8FDC-42A3-9474-1A3956D46DE8}") = "Solution Items", "Solution Items", "{85080C9C-B579-46B2-AD08-D41B395C2347}"
	ProjectSection(SolutionItems) = preProject
		DeepNet.fsx = DeepNet.fsx
		PerfDebug.psess = PerfDebug.psess
		PerfRelease.psess = PerfRelease.psess
	EndProjectSection
EndProject
Project("{2150E333-8FDC-42A3-9474-1A3956D46DE8}") = "8. Unit Tests", "8. Unit Tests", "{6F81CFAC-7D2C-4540-BC4E-4392262AFBAB}"
EndProject
Project("{2150E333-8FDC-42A3-9474-1A3956D46DE8}") = "6. Models and Data", "6. Models and Data", "{563BF9DF-7122-4989-B2CB-090D7FA56687}"
EndProject
Project("{F2A71F9B-5D33-465A-A702-920D77279786}") = "Models", "Models\Models.fsproj", "{28168025-4211-4DE2-BB66-B267378F74A7}"
EndProject
Project("{F2A71F9B-5D33-465A-A702-920D77279786}") = "Datasets", "Datasets\Datasets.fsproj", "{4E45833F-2658-465E-BB71-03400BBA5534}"
EndProject
Project("{F2A71F9B-5D33-465A-A702-920D77279786}") = "AllTests", "AllTests\AllTests.fsproj", "{D5CD7EC0-FB57-4CBA-89E8-43E101D23CED}"
EndProject
Project("{2150E333-8FDC-42A3-9474-1A3956D46DE8}") = "5. Optimizers", "5. Optimizers", "{69798A19-ECB9-414E-AD43-8350B6C17203}"
EndProject
Project("{F2A71F9B-5D33-465A-A702-920D77279786}") = "Optimizers", "Optimizers\Optimizers.fsproj", "{C6EA7C8A-C74F-44DF-828B-7C16B8A06329}"
EndProject
Project("{F2A71F9B-5D33-465A-A702-920D77279786}") = "Play1", "Play1\Play1.fsproj", "{D590E2CD-AE9D-4A03-A81F-2D45C42C1535}"
EndProject
Project("{F2A71F9B-5D33-465A-A702-920D77279786}") = "CurveFollow", "CurveFollow\CurveFollow.fsproj", "{50601139-7701-46EA-82C7-6D13002B54F7}"
EndProject
Project("{F2A71F9B-5D33-465A-A702-920D77279786}") = "BRMLDrivers", "BRMLDrivers\BRMLDrivers.fsproj", "{E50402F9-C245-4E5D-AECA-1CF1E1920237}"
EndProject
Project("{F2A71F9B-5D33-465A-A702-920D77279786}") = "BRMLDriversTest", "BRMLDriversTest\BRMLDriversTest.fsproj", "{02E291D1-6D13-4CF7-BA08-70021961790F}"
EndProject
Global
	GlobalSection(SolutionConfigurationPlatforms) = preSolution
		Debug|Any CPU = Debug|Any CPU
		Debug|x64 = Debug|x64
		Debug|x86 = Debug|x86
		Release|Any CPU = Release|Any CPU
		Release|x64 = Release|x64
		Release|x86 = Release|x86
	EndGlobalSection
	GlobalSection(ProjectConfigurationPlatforms) = postSolution
		{D746A1DB-9C71-4B76-B184-A38031879282}.Debug|Any CPU.ActiveCfg = Debug|Win32
		{D746A1DB-9C71-4B76-B184-A38031879282}.Debug|x64.ActiveCfg = Debug|x64
		{D746A1DB-9C71-4B76-B184-A38031879282}.Debug|x64.Build.0 = Debug|x64
		{D746A1DB-9C71-4B76-B184-A38031879282}.Debug|x86.ActiveCfg = Debug|Win32
		{D746A1DB-9C71-4B76-B184-A38031879282}.Debug|x86.Build.0 = Debug|Win32
		{D746A1DB-9C71-4B76-B184-A38031879282}.Release|Any CPU.ActiveCfg = Release|Win32
		{D746A1DB-9C71-4B76-B184-A38031879282}.Release|x64.ActiveCfg = Release|x64
		{D746A1DB-9C71-4B76-B184-A38031879282}.Release|x64.Build.0 = Release|x64
		{D746A1DB-9C71-4B76-B184-A38031879282}.Release|x86.ActiveCfg = Release|Win32
		{D746A1DB-9C71-4B76-B184-A38031879282}.Release|x86.Build.0 = Release|Win32
		{82DE3BAE-BCEC-4DF8-9C46-07B7FAF4E31A}.Debug|Any CPU.ActiveCfg = Debug|Any CPU
		{82DE3BAE-BCEC-4DF8-9C46-07B7FAF4E31A}.Debug|Any CPU.Build.0 = Debug|Any CPU
		{82DE3BAE-BCEC-4DF8-9C46-07B7FAF4E31A}.Debug|x64.ActiveCfg = Debug|x64
		{82DE3BAE-BCEC-4DF8-9C46-07B7FAF4E31A}.Debug|x64.Build.0 = Debug|x64
		{82DE3BAE-BCEC-4DF8-9C46-07B7FAF4E31A}.Debug|x86.ActiveCfg = Debug|Any CPU
		{82DE3BAE-BCEC-4DF8-9C46-07B7FAF4E31A}.Debug|x86.Build.0 = Debug|Any CPU
		{82DE3BAE-BCEC-4DF8-9C46-07B7FAF4E31A}.Release|Any CPU.ActiveCfg = Release|Any CPU
		{82DE3BAE-BCEC-4DF8-9C46-07B7FAF4E31A}.Release|Any CPU.Build.0 = Release|Any CPU
		{82DE3BAE-BCEC-4DF8-9C46-07B7FAF4E31A}.Release|x64.ActiveCfg = Release|x64
		{82DE3BAE-BCEC-4DF8-9C46-07B7FAF4E31A}.Release|x64.Build.0 = Release|x64
		{82DE3BAE-BCEC-4DF8-9C46-07B7FAF4E31A}.Release|x86.ActiveCfg = Release|Any CPU
		{82DE3BAE-BCEC-4DF8-9C46-07B7FAF4E31A}.Release|x86.Build.0 = Release|Any CPU
		{2E96A03E-7031-43C3-AEEE-B9C9DC543448}.Debug|Any CPU.ActiveCfg = Debug|Any CPU
		{2E96A03E-7031-43C3-AEEE-B9C9DC543448}.Debug|Any CPU.Build.0 = Debug|Any CPU
		{2E96A03E-7031-43C3-AEEE-B9C9DC543448}.Debug|x64.ActiveCfg = Debug|x64
		{2E96A03E-7031-43C3-AEEE-B9C9DC543448}.Debug|x64.Build.0 = Debug|x64
		{2E96A03E-7031-43C3-AEEE-B9C9DC543448}.Debug|x86.ActiveCfg = Debug|Any CPU
		{2E96A03E-7031-43C3-AEEE-B9C9DC543448}.Debug|x86.Build.0 = Debug|Any CPU
		{2E96A03E-7031-43C3-AEEE-B9C9DC543448}.Release|Any CPU.ActiveCfg = Release|Any CPU
		{2E96A03E-7031-43C3-AEEE-B9C9DC543448}.Release|Any CPU.Build.0 = Release|Any CPU
		{2E96A03E-7031-43C3-AEEE-B9C9DC543448}.Release|x64.ActiveCfg = Release|x64
		{2E96A03E-7031-43C3-AEEE-B9C9DC543448}.Release|x64.Build.0 = Release|x64
		{2E96A03E-7031-43C3-AEEE-B9C9DC543448}.Release|x86.ActiveCfg = Release|Any CPU
		{2E96A03E-7031-43C3-AEEE-B9C9DC543448}.Release|x86.Build.0 = Release|Any CPU
		{816E58DA-85A0-4272-B042-682BC6F0AA5B}.Debug|Any CPU.ActiveCfg = Debug|Any CPU
		{816E58DA-85A0-4272-B042-682BC6F0AA5B}.Debug|Any CPU.Build.0 = Debug|Any CPU
		{816E58DA-85A0-4272-B042-682BC6F0AA5B}.Debug|x64.ActiveCfg = Debug|x64
		{816E58DA-85A0-4272-B042-682BC6F0AA5B}.Debug|x64.Build.0 = Debug|x64
		{816E58DA-85A0-4272-B042-682BC6F0AA5B}.Debug|x86.ActiveCfg = Debug|Any CPU
		{816E58DA-85A0-4272-B042-682BC6F0AA5B}.Debug|x86.Build.0 = Debug|Any CPU
		{816E58DA-85A0-4272-B042-682BC6F0AA5B}.Release|Any CPU.ActiveCfg = Release|Any CPU
		{816E58DA-85A0-4272-B042-682BC6F0AA5B}.Release|Any CPU.Build.0 = Release|Any CPU
		{816E58DA-85A0-4272-B042-682BC6F0AA5B}.Release|x64.ActiveCfg = Release|x64
		{816E58DA-85A0-4272-B042-682BC6F0AA5B}.Release|x64.Build.0 = Release|x64
		{816E58DA-85A0-4272-B042-682BC6F0AA5B}.Release|x86.ActiveCfg = Release|Any CPU
		{816E58DA-85A0-4272-B042-682BC6F0AA5B}.Release|x86.Build.0 = Release|Any CPU
		{AC3F8299-E46E-4BF8-ABF0-702557065639}.Debug|Any CPU.ActiveCfg = Debug|Any CPU
		{AC3F8299-E46E-4BF8-ABF0-702557065639}.Debug|Any CPU.Build.0 = Debug|Any CPU
		{AC3F8299-E46E-4BF8-ABF0-702557065639}.Debug|x64.ActiveCfg = Debug|x64
		{AC3F8299-E46E-4BF8-ABF0-702557065639}.Debug|x64.Build.0 = Debug|x64
		{AC3F8299-E46E-4BF8-ABF0-702557065639}.Debug|x86.ActiveCfg = Debug|Any CPU
		{AC3F8299-E46E-4BF8-ABF0-702557065639}.Debug|x86.Build.0 = Debug|Any CPU
		{AC3F8299-E46E-4BF8-ABF0-702557065639}.Release|Any CPU.ActiveCfg = Release|Any CPU
		{AC3F8299-E46E-4BF8-ABF0-702557065639}.Release|Any CPU.Build.0 = Release|Any CPU
		{AC3F8299-E46E-4BF8-ABF0-702557065639}.Release|x64.ActiveCfg = Release|x64
		{AC3F8299-E46E-4BF8-ABF0-702557065639}.Release|x64.Build.0 = Release|x64
		{AC3F8299-E46E-4BF8-ABF0-702557065639}.Release|x86.ActiveCfg = Release|Any CPU
		{AC3F8299-E46E-4BF8-ABF0-702557065639}.Release|x86.Build.0 = Release|Any CPU
		{28168025-4211-4DE2-BB66-B267378F74A7}.Debug|Any CPU.ActiveCfg = Debug|Any CPU
		{28168025-4211-4DE2-BB66-B267378F74A7}.Debug|Any CPU.Build.0 = Debug|Any CPU
		{28168025-4211-4DE2-BB66-B267378F74A7}.Debug|x64.ActiveCfg = Debug|x64
		{28168025-4211-4DE2-BB66-B267378F74A7}.Debug|x64.Build.0 = Debug|x64
		{28168025-4211-4DE2-BB66-B267378F74A7}.Debug|x86.ActiveCfg = Debug|Any CPU
		{28168025-4211-4DE2-BB66-B267378F74A7}.Debug|x86.Build.0 = Debug|Any CPU
		{28168025-4211-4DE2-BB66-B267378F74A7}.Release|Any CPU.ActiveCfg = Release|Any CPU
		{28168025-4211-4DE2-BB66-B267378F74A7}.Release|Any CPU.Build.0 = Release|Any CPU
		{28168025-4211-4DE2-BB66-B267378F74A7}.Release|x64.ActiveCfg = Release|x64
		{28168025-4211-4DE2-BB66-B267378F74A7}.Release|x64.Build.0 = Release|x64
		{28168025-4211-4DE2-BB66-B267378F74A7}.Release|x86.ActiveCfg = Release|Any CPU
		{28168025-4211-4DE2-BB66-B267378F74A7}.Release|x86.Build.0 = Release|Any CPU
		{4E45833F-2658-465E-BB71-03400BBA5534}.Debug|Any CPU.ActiveCfg = Debug|Any CPU
		{4E45833F-2658-465E-BB71-03400BBA5534}.Debug|Any CPU.Build.0 = Debug|Any CPU
		{4E45833F-2658-465E-BB71-03400BBA5534}.Debug|x64.ActiveCfg = Debug|x64
		{4E45833F-2658-465E-BB71-03400BBA5534}.Debug|x64.Build.0 = Debug|x64
		{4E45833F-2658-465E-BB71-03400BBA5534}.Debug|x86.ActiveCfg = Debug|Any CPU
		{4E45833F-2658-465E-BB71-03400BBA5534}.Debug|x86.Build.0 = Debug|Any CPU
		{4E45833F-2658-465E-BB71-03400BBA5534}.Release|Any CPU.ActiveCfg = Release|Any CPU
		{4E45833F-2658-465E-BB71-03400BBA5534}.Release|Any CPU.Build.0 = Release|Any CPU
		{4E45833F-2658-465E-BB71-03400BBA5534}.Release|x64.ActiveCfg = Release|x64
		{4E45833F-2658-465E-BB71-03400BBA5534}.Release|x64.Build.0 = Release|x64
		{4E45833F-2658-465E-BB71-03400BBA5534}.Release|x86.ActiveCfg = Release|Any CPU
		{4E45833F-2658-465E-BB71-03400BBA5534}.Release|x86.Build.0 = Release|Any CPU
		{D5CD7EC0-FB57-4CBA-89E8-43E101D23CED}.Debug|Any CPU.ActiveCfg = Debug|Any CPU
		{D5CD7EC0-FB57-4CBA-89E8-43E101D23CED}.Debug|Any CPU.Build.0 = Debug|Any CPU
		{D5CD7EC0-FB57-4CBA-89E8-43E101D23CED}.Debug|x64.ActiveCfg = Debug|x64
		{D5CD7EC0-FB57-4CBA-89E8-43E101D23CED}.Debug|x64.Build.0 = Debug|x64
		{D5CD7EC0-FB57-4CBA-89E8-43E101D23CED}.Debug|x86.ActiveCfg = Debug|Any CPU
		{D5CD7EC0-FB57-4CBA-89E8-43E101D23CED}.Debug|x86.Build.0 = Debug|Any CPU
		{D5CD7EC0-FB57-4CBA-89E8-43E101D23CED}.Release|Any CPU.ActiveCfg = Release|Any CPU
		{D5CD7EC0-FB57-4CBA-89E8-43E101D23CED}.Release|Any CPU.Build.0 = Release|Any CPU
		{D5CD7EC0-FB57-4CBA-89E8-43E101D23CED}.Release|x64.ActiveCfg = Release|x64
		{D5CD7EC0-FB57-4CBA-89E8-43E101D23CED}.Release|x64.Build.0 = Release|x64
		{D5CD7EC0-FB57-4CBA-89E8-43E101D23CED}.Release|x86.ActiveCfg = Release|Any CPU
		{D5CD7EC0-FB57-4CBA-89E8-43E101D23CED}.Release|x86.Build.0 = Release|Any CPU
		{C6EA7C8A-C74F-44DF-828B-7C16B8A06329}.Debug|Any CPU.ActiveCfg = Debug|Any CPU
		{C6EA7C8A-C74F-44DF-828B-7C16B8A06329}.Debug|Any CPU.Build.0 = Debug|Any CPU
		{C6EA7C8A-C74F-44DF-828B-7C16B8A06329}.Debug|x64.ActiveCfg = Debug|x64
		{C6EA7C8A-C74F-44DF-828B-7C16B8A06329}.Debug|x64.Build.0 = Debug|x64
		{C6EA7C8A-C74F-44DF-828B-7C16B8A06329}.Debug|x86.ActiveCfg = Debug|Any CPU
		{C6EA7C8A-C74F-44DF-828B-7C16B8A06329}.Debug|x86.Build.0 = Debug|Any CPU
		{C6EA7C8A-C74F-44DF-828B-7C16B8A06329}.Release|Any CPU.ActiveCfg = Release|Any CPU
		{C6EA7C8A-C74F-44DF-828B-7C16B8A06329}.Release|Any CPU.Build.0 = Release|Any CPU
		{C6EA7C8A-C74F-44DF-828B-7C16B8A06329}.Release|x64.ActiveCfg = Release|x64
		{C6EA7C8A-C74F-44DF-828B-7C16B8A06329}.Release|x64.Build.0 = Release|x64
		{C6EA7C8A-C74F-44DF-828B-7C16B8A06329}.Release|x86.ActiveCfg = Release|Any CPU
		{C6EA7C8A-C74F-44DF-828B-7C16B8A06329}.Release|x86.Build.0 = Release|Any CPU
		{D590E2CD-AE9D-4A03-A81F-2D45C42C1535}.Debug|Any CPU.ActiveCfg = Debug|Any CPU
		{D590E2CD-AE9D-4A03-A81F-2D45C42C1535}.Debug|Any CPU.Build.0 = Debug|Any CPU
		{D590E2CD-AE9D-4A03-A81F-2D45C42C1535}.Debug|x64.ActiveCfg = Debug|x64
		{D590E2CD-AE9D-4A03-A81F-2D45C42C1535}.Debug|x64.Build.0 = Debug|x64
		{D590E2CD-AE9D-4A03-A81F-2D45C42C1535}.Debug|x86.ActiveCfg = Debug|Any CPU
		{D590E2CD-AE9D-4A03-A81F-2D45C42C1535}.Debug|x86.Build.0 = Debug|Any CPU
		{D590E2CD-AE9D-4A03-A81F-2D45C42C1535}.Release|Any CPU.ActiveCfg = Release|Any CPU
		{D590E2CD-AE9D-4A03-A81F-2D45C42C1535}.Release|Any CPU.Build.0 = Release|Any CPU
		{D590E2CD-AE9D-4A03-A81F-2D45C42C1535}.Release|x64.ActiveCfg = Release|x64
		{D590E2CD-AE9D-4A03-A81F-2D45C42C1535}.Release|x64.Build.0 = Release|x64
		{D590E2CD-AE9D-4A03-A81F-2D45C42C1535}.Release|x86.ActiveCfg = Release|Any CPU
		{D590E2CD-AE9D-4A03-A81F-2D45C42C1535}.Release|x86.Build.0 = Release|Any CPU
		{50601139-7701-46EA-82C7-6D13002B54F7}.Debug|Any CPU.ActiveCfg = Debug|Any CPU
		{50601139-7701-46EA-82C7-6D13002B54F7}.Debug|Any CPU.Build.0 = Debug|Any CPU
		{50601139-7701-46EA-82C7-6D13002B54F7}.Debug|x64.ActiveCfg = Debug|x64
		{50601139-7701-46EA-82C7-6D13002B54F7}.Debug|x64.Build.0 = Debug|x64
		{50601139-7701-46EA-82C7-6D13002B54F7}.Debug|x86.ActiveCfg = Debug|Any CPU
		{50601139-7701-46EA-82C7-6D13002B54F7}.Debug|x86.Build.0 = Debug|Any CPU
		{50601139-7701-46EA-82C7-6D13002B54F7}.Release|Any CPU.ActiveCfg = Release|Any CPU
		{50601139-7701-46EA-82C7-6D13002B54F7}.Release|Any CPU.Build.0 = Release|Any CPU
		{50601139-7701-46EA-82C7-6D13002B54F7}.Release|x64.ActiveCfg = Release|x64
		{50601139-7701-46EA-82C7-6D13002B54F7}.Release|x64.Build.0 = Release|x64
		{50601139-7701-46EA-82C7-6D13002B54F7}.Release|x86.ActiveCfg = Release|Any CPU
		{50601139-7701-46EA-82C7-6D13002B54F7}.Release|x86.Build.0 = Release|Any CPU
		{E50402F9-C245-4E5D-AECA-1CF1E1920237}.Debug|Any CPU.ActiveCfg = Debug|Any CPU
		{E50402F9-C245-4E5D-AECA-1CF1E1920237}.Debug|Any CPU.Build.0 = Debug|Any CPU
		{E50402F9-C245-4E5D-AECA-1CF1E1920237}.Debug|x64.ActiveCfg = Debug|x64
		{E50402F9-C245-4E5D-AECA-1CF1E1920237}.Debug|x64.Build.0 = Debug|x64
		{E50402F9-C245-4E5D-AECA-1CF1E1920237}.Debug|x86.ActiveCfg = Debug|Any CPU
		{E50402F9-C245-4E5D-AECA-1CF1E1920237}.Debug|x86.Build.0 = Debug|Any CPU
		{E50402F9-C245-4E5D-AECA-1CF1E1920237}.Release|Any CPU.ActiveCfg = Release|Any CPU
		{E50402F9-C245-4E5D-AECA-1CF1E1920237}.Release|Any CPU.Build.0 = Release|Any CPU
		{E50402F9-C245-4E5D-AECA-1CF1E1920237}.Release|x64.ActiveCfg = Release|x64
		{E50402F9-C245-4E5D-AECA-1CF1E1920237}.Release|x64.Build.0 = Release|x64
		{E50402F9-C245-4E5D-AECA-1CF1E1920237}.Release|x86.ActiveCfg = Release|Any CPU
		{E50402F9-C245-4E5D-AECA-1CF1E1920237}.Release|x86.Build.0 = Release|Any CPU
		{02E291D1-6D13-4CF7-BA08-70021961790F}.Debug|Any CPU.ActiveCfg = Debug|Any CPU
		{02E291D1-6D13-4CF7-BA08-70021961790F}.Debug|Any CPU.Build.0 = Debug|Any CPU
		{02E291D1-6D13-4CF7-BA08-70021961790F}.Debug|x64.ActiveCfg = Debug|x64
		{02E291D1-6D13-4CF7-BA08-70021961790F}.Debug|x64.Build.0 = Debug|x64
		{02E291D1-6D13-4CF7-BA08-70021961790F}.Debug|x86.ActiveCfg = Debug|Any CPU
		{02E291D1-6D13-4CF7-BA08-70021961790F}.Debug|x86.Build.0 = Debug|Any CPU
		{02E291D1-6D13-4CF7-BA08-70021961790F}.Release|Any CPU.ActiveCfg = Release|Any CPU
		{02E291D1-6D13-4CF7-BA08-70021961790F}.Release|Any CPU.Build.0 = Release|Any CPU
		{02E291D1-6D13-4CF7-BA08-70021961790F}.Release|x64.ActiveCfg = Release|x64
		{02E291D1-6D13-4CF7-BA08-70021961790F}.Release|x64.Build.0 = Release|x64
		{02E291D1-6D13-4CF7-BA08-70021961790F}.Release|x86.ActiveCfg = Release|Any CPU
		{02E291D1-6D13-4CF7-BA08-70021961790F}.Release|x86.Build.0 = Release|Any CPU
	EndGlobalSection
	GlobalSection(SolutionProperties) = preSolution
		HideSolutionNode = FALSE
	EndGlobalSection
	GlobalSection(NestedProjects) = preSolution
		{D746A1DB-9C71-4B76-B184-A38031879282} = {D2E23A0D-4D1F-4FB5-8F55-C38F452C2CEA}
		{82DE3BAE-BCEC-4DF8-9C46-07B7FAF4E31A} = {42C89650-7C3B-469E-91AD-4678EE1C8F6A}
		{2E96A03E-7031-43C3-AEEE-B9C9DC543448} = {CDF577AE-ADEB-4B46-8546-816FB95AC9C4}
		{816E58DA-85A0-4272-B042-682BC6F0AA5B} = {D2E23A0D-4D1F-4FB5-8F55-C38F452C2CEA}
		{AC3F8299-E46E-4BF8-ABF0-702557065639} = {0FCFAD75-2377-4CF1-9334-1CE294C2DB49}
		{28168025-4211-4DE2-BB66-B267378F74A7} = {563BF9DF-7122-4989-B2CB-090D7FA56687}
		{4E45833F-2658-465E-BB71-03400BBA5534} = {563BF9DF-7122-4989-B2CB-090D7FA56687}
		{D5CD7EC0-FB57-4CBA-89E8-43E101D23CED} = {6F81CFAC-7D2C-4540-BC4E-4392262AFBAB}
		{C6EA7C8A-C74F-44DF-828B-7C16B8A06329} = {69798A19-ECB9-414E-AD43-8350B6C17203}
		{D590E2CD-AE9D-4A03-A81F-2D45C42C1535} = {BC0206D8-5AFE-4D01-8FDD-8BE5D69F8C6E}
		{50601139-7701-46EA-82C7-6D13002B54F7} = {BC0206D8-5AFE-4D01-8FDD-8BE5D69F8C6E}
		{E50402F9-C245-4E5D-AECA-1CF1E1920237} = {BC0206D8-5AFE-4D01-8FDD-8BE5D69F8C6E}
		{02E291D1-6D13-4CF7-BA08-70021961790F} = {BC0206D8-5AFE-4D01-8FDD-8BE5D69F8C6E}
	EndGlobalSection
EndGlobal
